// !$*UTF8*$!
{
	archiveVersion = 1;
	classes = {
	};
	objectVersion = 55;
	objects = {

/* Begin PBXBuildFile section */
		A1A85F562914345A0024B3C3 /* StackViewController.swift in Sources */ = {isa = PBXBuildFile; fileRef = A1A85F552914345A0024B3C3 /* StackViewController.swift */; };
		A1BB32F62902F73400ECCE3B /* AppDelegate.swift in Sources */ = {isa = PBXBuildFile; fileRef = A1BB32F52902F73400ECCE3B /* AppDelegate.swift */; };
		A1BB32F82902F73400ECCE3B /* SceneDelegate.swift in Sources */ = {isa = PBXBuildFile; fileRef = A1BB32F72902F73400ECCE3B /* SceneDelegate.swift */; };
		A1BB32FA2902F73400ECCE3B /* ViewController.swift in Sources */ = {isa = PBXBuildFile; fileRef = A1BB32F92902F73400ECCE3B /* ViewController.swift */; };
		A1BB32FD2902F73400ECCE3B /* Main.storyboard in Resources */ = {isa = PBXBuildFile; fileRef = A1BB32FB2902F73400ECCE3B /* Main.storyboard */; };
		A1BB32FF2902F73600ECCE3B /* Assets.xcassets in Resources */ = {isa = PBXBuildFile; fileRef = A1BB32FE2902F73600ECCE3B /* Assets.xcassets */; };
		A1BB33022902F73600ECCE3B /* LaunchScreen.storyboard in Resources */ = {isa = PBXBuildFile; fileRef = A1BB33002902F73600ECCE3B /* LaunchScreen.storyboard */; };
		A1BB330D2902F73700ECCE3B /* VideoTestAppTests.swift in Sources */ = {isa = PBXBuildFile; fileRef = A1BB330C2902F73700ECCE3B /* VideoTestAppTests.swift */; };
		A1BB33172902F73700ECCE3B /* VideoTestAppUITests.swift in Sources */ = {isa = PBXBuildFile; fileRef = A1BB33162902F73700ECCE3B /* VideoTestAppUITests.swift */; };
		A1BB33192902F73700ECCE3B /* VideoTestAppUITestsLaunchTests.swift in Sources */ = {isa = PBXBuildFile; fileRef = A1BB33182902F73700ECCE3B /* VideoTestAppUITestsLaunchTests.swift */; };
		A1BB33262902F75500ECCE3B /* StringConstants.swift in Sources */ = {isa = PBXBuildFile; fileRef = A1BB33252902F75500ECCE3B /* StringConstants.swift */; };
		A1BB33282902F79500ECCE3B /* VideoModel.swift in Sources */ = {isa = PBXBuildFile; fileRef = A1BB33272902F79500ECCE3B /* VideoModel.swift */; };
		A1BB332A2902F8A700ECCE3B /* DataSourceProtocol.swift in Sources */ = {isa = PBXBuildFile; fileRef = A1BB33292902F8A700ECCE3B /* DataSourceProtocol.swift */; };
		A1BB332C2902F91900ECCE3B /* NetworkManager.swift in Sources */ = {isa = PBXBuildFile; fileRef = A1BB332B2902F91900ECCE3B /* NetworkManager.swift */; };
		A1BB332E29030D3500ECCE3B /* VideoViewModel.swift in Sources */ = {isa = PBXBuildFile; fileRef = A1BB332D29030D3400ECCE3B /* VideoViewModel.swift */; };
		A1BB33302908437C00ECCE3B /* ProgramaticViewController.swift in Sources */ = {isa = PBXBuildFile; fileRef = A1BB332F2908437C00ECCE3B /* ProgramaticViewController.swift */; };
/* End PBXBuildFile section */

/* Begin PBXContainerItemProxy section */
		A1BB33092902F73700ECCE3B /* PBXContainerItemProxy */ = {
			isa = PBXContainerItemProxy;
			containerPortal = A1BB32EA2902F73400ECCE3B /* Project object */;
			proxyType = 1;
			remoteGlobalIDString = A1BB32F12902F73400ECCE3B;
			remoteInfo = VideoTestApp;
		};
		A1BB33132902F73700ECCE3B /* PBXContainerItemProxy */ = {
			isa = PBXContainerItemProxy;
			containerPortal = A1BB32EA2902F73400ECCE3B /* Project object */;
			proxyType = 1;
			remoteGlobalIDString = A1BB32F12902F73400ECCE3B;
			remoteInfo = VideoTestApp;
		};
/* End PBXContainerItemProxy section */

/* Begin PBXFileReference section */
		A1A85F552914345A0024B3C3 /* StackViewController.swift */ = {isa = PBXFileReference; lastKnownFileType = sourcecode.swift; path = StackViewController.swift; sourceTree = "<group>"; };
		A1BB32F22902F73400ECCE3B /* VideoTestApp.app */ = {isa = PBXFileReference; explicitFileType = wrapper.application; includeInIndex = 0; path = VideoTestApp.app; sourceTree = BUILT_PRODUCTS_DIR; };
		A1BB32F52902F73400ECCE3B /* AppDelegate.swift */ = {isa = PBXFileReference; lastKnownFileType = sourcecode.swift; path = AppDelegate.swift; sourceTree = "<group>"; };
		A1BB32F72902F73400ECCE3B /* SceneDelegate.swift */ = {isa = PBXFileReference; lastKnownFileType = sourcecode.swift; path = SceneDelegate.swift; sourceTree = "<group>"; };
		A1BB32F92902F73400ECCE3B /* ViewController.swift */ = {isa = PBXFileReference; lastKnownFileType = sourcecode.swift; path = ViewController.swift; sourceTree = "<group>"; };
		A1BB32FC2902F73400ECCE3B /* Base */ = {isa = PBXFileReference; lastKnownFileType = file.storyboard; name = Base; path = Base.lproj/Main.storyboard; sourceTree = "<group>"; };
		A1BB32FE2902F73600ECCE3B /* Assets.xcassets */ = {isa = PBXFileReference; lastKnownFileType = folder.assetcatalog; path = Assets.xcassets; sourceTree = "<group>"; };
		A1BB33012902F73600ECCE3B /* Base */ = {isa = PBXFileReference; lastKnownFileType = file.storyboard; name = Base; path = Base.lproj/LaunchScreen.storyboard; sourceTree = "<group>"; };
		A1BB33032902F73600ECCE3B /* Info.plist */ = {isa = PBXFileReference; lastKnownFileType = text.plist.xml; path = Info.plist; sourceTree = "<group>"; };
		A1BB33082902F73700ECCE3B /* VideoTestAppTests.xctest */ = {isa = PBXFileReference; explicitFileType = wrapper.cfbundle; includeInIndex = 0; path = VideoTestAppTests.xctest; sourceTree = BUILT_PRODUCTS_DIR; };
		A1BB330C2902F73700ECCE3B /* VideoTestAppTests.swift */ = {isa = PBXFileReference; lastKnownFileType = sourcecode.swift; path = VideoTestAppTests.swift; sourceTree = "<group>"; };
		A1BB33122902F73700ECCE3B /* VideoTestAppUITests.xctest */ = {isa = PBXFileReference; explicitFileType = wrapper.cfbundle; includeInIndex = 0; path = VideoTestAppUITests.xctest; sourceTree = BUILT_PRODUCTS_DIR; };
		A1BB33162902F73700ECCE3B /* VideoTestAppUITests.swift */ = {isa = PBXFileReference; lastKnownFileType = sourcecode.swift; path = VideoTestAppUITests.swift; sourceTree = "<group>"; };
		A1BB33182902F73700ECCE3B /* VideoTestAppUITestsLaunchTests.swift */ = {isa = PBXFileReference; lastKnownFileType = sourcecode.swift; path = VideoTestAppUITestsLaunchTests.swift; sourceTree = "<group>"; };
		A1BB33252902F75500ECCE3B /* StringConstants.swift */ = {isa = PBXFileReference; lastKnownFileType = sourcecode.swift; path = StringConstants.swift; sourceTree = "<group>"; };
		A1BB33272902F79500ECCE3B /* VideoModel.swift */ = {isa = PBXFileReference; lastKnownFileType = sourcecode.swift; path = VideoModel.swift; sourceTree = "<group>"; };
		A1BB33292902F8A700ECCE3B /* DataSourceProtocol.swift */ = {isa = PBXFileReference; lastKnownFileType = sourcecode.swift; path = DataSourceProtocol.swift; sourceTree = "<group>"; };
		A1BB332B2902F91900ECCE3B /* NetworkManager.swift */ = {isa = PBXFileReference; lastKnownFileType = sourcecode.swift; path = NetworkManager.swift; sourceTree = "<group>"; };
		A1BB332D29030D3400ECCE3B /* VideoViewModel.swift */ = {isa = PBXFileReference; lastKnownFileType = sourcecode.swift; path = VideoViewModel.swift; sourceTree = "<group>"; };
		A1BB332F2908437C00ECCE3B /* ProgramaticViewController.swift */ = {isa = PBXFileReference; lastKnownFileType = sourcecode.swift; path = ProgramaticViewController.swift; sourceTree = "<group>"; };
/* End PBXFileReference section */

/* Begin PBXFrameworksBuildPhase section */
		A1BB32EF2902F73400ECCE3B /* Frameworks */ = {
			isa = PBXFrameworksBuildPhase;
			buildActionMask = 2147483647;
			files = (
			);
			runOnlyForDeploymentPostprocessing = 0;
		};
		A1BB33052902F73700ECCE3B /* Frameworks */ = {
			isa = PBXFrameworksBuildPhase;
			buildActionMask = 2147483647;
			files = (
			);
			runOnlyForDeploymentPostprocessing = 0;
		};
		A1BB330F2902F73700ECCE3B /* Frameworks */ = {
			isa = PBXFrameworksBuildPhase;
			buildActionMask = 2147483647;
			files = (
			);
			runOnlyForDeploymentPostprocessing = 0;
		};
/* End PBXFrameworksBuildPhase section */

/* Begin PBXGroup section */
		A1BB32E92902F73400ECCE3B = {
			isa = PBXGroup;
			children = (
				A1BB32F42902F73400ECCE3B /* VideoTestApp */,
				A1BB330B2902F73700ECCE3B /* VideoTestAppTests */,
				A1BB33152902F73700ECCE3B /* VideoTestAppUITests */,
				A1BB32F32902F73400ECCE3B /* Products */,
			);
			sourceTree = "<group>";
		};
		A1BB32F32902F73400ECCE3B /* Products */ = {
			isa = PBXGroup;
			children = (
				A1BB32F22902F73400ECCE3B /* VideoTestApp.app */,
				A1BB33082902F73700ECCE3B /* VideoTestAppTests.xctest */,
				A1BB33122902F73700ECCE3B /* VideoTestAppUITests.xctest */,
			);
			name = Products;
			sourceTree = "<group>";
		};
		A1BB32F42902F73400ECCE3B /* VideoTestApp */ = {
			isa = PBXGroup;
			children = (
				A1BB33252902F75500ECCE3B /* StringConstants.swift */,
				A1BB32F52902F73400ECCE3B /* AppDelegate.swift */,
				A1BB32F72902F73400ECCE3B /* SceneDelegate.swift */,
				A1BB32F92902F73400ECCE3B /* ViewController.swift */,
				A1BB32FB2902F73400ECCE3B /* Main.storyboard */,
				A1BB32FE2902F73600ECCE3B /* Assets.xcassets */,
				A1BB33002902F73600ECCE3B /* LaunchScreen.storyboard */,
				A1BB33032902F73600ECCE3B /* Info.plist */,
				A1BB33272902F79500ECCE3B /* VideoModel.swift */,
				A1BB33292902F8A700ECCE3B /* DataSourceProtocol.swift */,
				A1BB332B2902F91900ECCE3B /* NetworkManager.swift */,
				A1BB332D29030D3400ECCE3B /* VideoViewModel.swift */,
				A1BB332F2908437C00ECCE3B /* ProgramaticViewController.swift */,
				A1A85F552914345A0024B3C3 /* StackViewController.swift */,
			);
			path = VideoTestApp;
			sourceTree = "<group>";
		};
		A1BB330B2902F73700ECCE3B /* VideoTestAppTests */ = {
			isa = PBXGroup;
			children = (
				A1BB330C2902F73700ECCE3B /* VideoTestAppTests.swift */,
			);
			path = VideoTestAppTests;
			sourceTree = "<group>";
		};
		A1BB33152902F73700ECCE3B /* VideoTestAppUITests */ = {
			isa = PBXGroup;
			children = (
				A1BB33162902F73700ECCE3B /* VideoTestAppUITests.swift */,
				A1BB33182902F73700ECCE3B /* VideoTestAppUITestsLaunchTests.swift */,
			);
			path = VideoTestAppUITests;
			sourceTree = "<group>";
		};
/* End PBXGroup section */

/* Begin PBXNativeTarget section */
		A1BB32F12902F73400ECCE3B /* VideoTestApp */ = {
			isa = PBXNativeTarget;
			buildConfigurationList = A1BB331C2902F73700ECCE3B /* Build configuration list for PBXNativeTarget "VideoTestApp" */;
			buildPhases = (
				A1BB32EE2902F73400ECCE3B /* Sources */,
				A1BB32EF2902F73400ECCE3B /* Frameworks */,
				A1BB32F02902F73400ECCE3B /* Resources */,
			);
			buildRules = (
			);
			dependencies = (
			);
			name = VideoTestApp;
			productName = VideoTestApp;
			productReference = A1BB32F22902F73400ECCE3B /* VideoTestApp.app */;
			productType = "com.apple.product-type.application";
		};
		A1BB33072902F73700ECCE3B /* VideoTestAppTests */ = {
			isa = PBXNativeTarget;
			buildConfigurationList = A1BB331F2902F73700ECCE3B /* Build configuration list for PBXNativeTarget "VideoTestAppTests" */;
			buildPhases = (
				A1BB33042902F73700ECCE3B /* Sources */,
				A1BB33052902F73700ECCE3B /* Frameworks */,
				A1BB33062902F73700ECCE3B /* Resources */,
			);
			buildRules = (
			);
			dependencies = (
				A1BB330A2902F73700ECCE3B /* PBXTargetDependency */,
			);
			name = VideoTestAppTests;
			productName = VideoTestAppTests;
			productReference = A1BB33082902F73700ECCE3B /* VideoTestAppTests.xctest */;
			productType = "com.apple.product-type.bundle.unit-test";
		};
		A1BB33112902F73700ECCE3B /* VideoTestAppUITests */ = {
			isa = PBXNativeTarget;
			buildConfigurationList = A1BB33222902F73700ECCE3B /* Build configuration list for PBXNativeTarget "VideoTestAppUITests" */;
			buildPhases = (
				A1BB330E2902F73700ECCE3B /* Sources */,
				A1BB330F2902F73700ECCE3B /* Frameworks */,
				A1BB33102902F73700ECCE3B /* Resources */,
			);
			buildRules = (
			);
			dependencies = (
				A1BB33142902F73700ECCE3B /* PBXTargetDependency */,
			);
			name = VideoTestAppUITests;
			productName = VideoTestAppUITests;
			productReference = A1BB33122902F73700ECCE3B /* VideoTestAppUITests.xctest */;
			productType = "com.apple.product-type.bundle.ui-testing";
		};
/* End PBXNativeTarget section */

/* Begin PBXProject section */
		A1BB32EA2902F73400ECCE3B /* Project object */ = {
			isa = PBXProject;
			attributes = {
				BuildIndependentTargetsInParallel = 1;
				LastSwiftUpdateCheck = 1320;
				LastUpgradeCheck = 1320;
				TargetAttributes = {
					A1BB32F12902F73400ECCE3B = {
						CreatedOnToolsVersion = 13.2.1;
					};
					A1BB33072902F73700ECCE3B = {
						CreatedOnToolsVersion = 13.2.1;
						TestTargetID = A1BB32F12902F73400ECCE3B;
					};
					A1BB33112902F73700ECCE3B = {
						CreatedOnToolsVersion = 13.2.1;
						TestTargetID = A1BB32F12902F73400ECCE3B;
					};
				};
			};
			buildConfigurationList = A1BB32ED2902F73400ECCE3B /* Build configuration list for PBXProject "VideoTestApp" */;
			compatibilityVersion = "Xcode 13.0";
			developmentRegion = en;
			hasScannedForEncodings = 0;
			knownRegions = (
				en,
				Base,
			);
			mainGroup = A1BB32E92902F73400ECCE3B;
			productRefGroup = A1BB32F32902F73400ECCE3B /* Products */;
			projectDirPath = "";
			projectRoot = "";
			targets = (
				A1BB32F12902F73400ECCE3B /* VideoTestApp */,
				A1BB33072902F73700ECCE3B /* VideoTestAppTests */,
				A1BB33112902F73700ECCE3B /* VideoTestAppUITests */,
			);
		};
/* End PBXProject section */

/* Begin PBXResourcesBuildPhase section */
		A1BB32F02902F73400ECCE3B /* Resources */ = {
			isa = PBXResourcesBuildPhase;
			buildActionMask = 2147483647;
			files = (
				A1BB33022902F73600ECCE3B /* LaunchScreen.storyboard in Resources */,
				A1BB32FF2902F73600ECCE3B /* Assets.xcassets in Resources */,
				A1BB32FD2902F73400ECCE3B /* Main.storyboard in Resources */,
			);
			runOnlyForDeploymentPostprocessing = 0;
		};
		A1BB33062902F73700ECCE3B /* Resources */ = {
			isa = PBXResourcesBuildPhase;
			buildActionMask = 2147483647;
			files = (
			);
			runOnlyForDeploymentPostprocessing = 0;
		};
		A1BB33102902F73700ECCE3B /* Resources */ = {
			isa = PBXResourcesBuildPhase;
			buildActionMask = 2147483647;
			files = (
			);
			runOnlyForDeploymentPostprocessing = 0;
		};
/* End PBXResourcesBuildPhase section */

/* Begin PBXSourcesBuildPhase section */
		A1BB32EE2902F73400ECCE3B /* Sources */ = {
			isa = PBXSourcesBuildPhase;
			buildActionMask = 2147483647;
			files = (
				A1BB33302908437C00ECCE3B /* ProgramaticViewController.swift in Sources */,
				A1BB332A2902F8A700ECCE3B /* DataSourceProtocol.swift in Sources */,
				A1BB33262902F75500ECCE3B /* StringConstants.swift in Sources */,
				A1BB332E29030D3500ECCE3B /* VideoViewModel.swift in Sources */,
				A1BB32FA2902F73400ECCE3B /* ViewController.swift in Sources */,
				A1BB332C2902F91900ECCE3B /* NetworkManager.swift in Sources */,
				A1BB32F62902F73400ECCE3B /* AppDelegate.swift in Sources */,
				A1A85F562914345A0024B3C3 /* StackViewController.swift in Sources */,
				A1BB33282902F79500ECCE3B /* VideoModel.swift in Sources */,
				A1BB32F82902F73400ECCE3B /* SceneDelegate.swift in Sources */,
			);
			runOnlyForDeploymentPostprocessing = 0;
		};
		A1BB33042902F73700ECCE3B /* Sources */ = {
			isa = PBXSourcesBuildPhase;
			buildActionMask = 2147483647;
			files = (
				A1BB330D2902F73700ECCE3B /* VideoTestAppTests.swift in Sources */,
			);
			runOnlyForDeploymentPostprocessing = 0;
		};
		A1BB330E2902F73700ECCE3B /* Sources */ = {
			isa = PBXSourcesBuildPhase;
			buildActionMask = 2147483647;
			files = (
				A1BB33192902F73700ECCE3B /* VideoTestAppUITestsLaunchTests.swift in Sources */,
				A1BB33172902F73700ECCE3B /* VideoTestAppUITests.swift in Sources */,
			);
			runOnlyForDeploymentPostprocessing = 0;
		};
/* End PBXSourcesBuildPhase section */

/* Begin PBXTargetDependency section */
		A1BB330A2902F73700ECCE3B /* PBXTargetDependency */ = {
			isa = PBXTargetDependency;
			target = A1BB32F12902F73400ECCE3B /* VideoTestApp */;
			targetProxy = A1BB33092902F73700ECCE3B /* PBXContainerItemProxy */;
		};
		A1BB33142902F73700ECCE3B /* PBXTargetDependency */ = {
			isa = PBXTargetDependency;
			target = A1BB32F12902F73400ECCE3B /* VideoTestApp */;
			targetProxy = A1BB33132902F73700ECCE3B /* PBXContainerItemProxy */;
		};
/* End PBXTargetDependency section */

/* Begin PBXVariantGroup section */
		A1BB32FB2902F73400ECCE3B /* Main.storyboard */ = {
			isa = PBXVariantGroup;
			children = (
				A1BB32FC2902F73400ECCE3B /* Base */,
			);
			name = Main.storyboard;
			sourceTree = "<group>";
		};
		A1BB33002902F73600ECCE3B /* LaunchScreen.storyboard */ = {
			isa = PBXVariantGroup;
			children = (
				A1BB33012902F73600ECCE3B /* Base */,
			);
			name = LaunchScreen.storyboard;
			sourceTree = "<group>";
		};
/* End PBXVariantGroup section */

/* Begin XCBuildConfiguration section */
		A1BB331A2902F73700ECCE3B /* Debug */ = {
			isa = XCBuildConfiguration;
			buildSettings = {
				ALWAYS_SEARCH_USER_PATHS = NO;
				CLANG_ANALYZER_NONNULL = YES;
				CLANG_ANALYZER_NUMBER_OBJECT_CONVERSION = YES_AGGRESSIVE;
				CLANG_CXX_LANGUAGE_STANDARD = "gnu++17";
				CLANG_CXX_LIBRARY = "libc++";
				CLANG_ENABLE_MODULES = YES;
				CLANG_ENABLE_OBJC_ARC = YES;
				CLANG_ENABLE_OBJC_WEAK = YES;
				CLANG_WARN_BLOCK_CAPTURE_AUTORELEASING = YES;
				CLANG_WARN_BOOL_CONVERSION = YES;
				CLANG_WARN_COMMA = YES;
				CLANG_WARN_CONSTANT_CONVERSION = YES;
				CLANG_WARN_DEPRECATED_OBJC_IMPLEMENTATIONS = YES;
				CLANG_WARN_DIRECT_OBJC_ISA_USAGE = YES_ERROR;
				CLANG_WARN_DOCUMENTATION_COMMENTS = YES;
				CLANG_WARN_EMPTY_BODY = YES;
				CLANG_WARN_ENUM_CONVERSION = YES;
				CLANG_WARN_INFINITE_RECURSION = YES;
				CLANG_WARN_INT_CONVERSION = YES;
				CLANG_WARN_NON_LITERAL_NULL_CONVERSION = YES;
				CLANG_WARN_OBJC_IMPLICIT_RETAIN_SELF = YES;
				CLANG_WARN_OBJC_LITERAL_CONVERSION = YES;
				CLANG_WARN_OBJC_ROOT_CLASS = YES_ERROR;
				CLANG_WARN_QUOTED_INCLUDE_IN_FRAMEWORK_HEADER = YES;
				CLANG_WARN_RANGE_LOOP_ANALYSIS = YES;
				CLANG_WARN_STRICT_PROTOTYPES = YES;
				CLANG_WARN_SUSPICIOUS_MOVE = YES;
				CLANG_WARN_UNGUARDED_AVAILABILITY = YES_AGGRESSIVE;
				CLANG_WARN_UNREACHABLE_CODE = YES;
				CLANG_WARN__DUPLICATE_METHOD_MATCH = YES;
				COPY_PHASE_STRIP = NO;
				DEBUG_INFORMATION_FORMAT = dwarf;
				ENABLE_STRICT_OBJC_MSGSEND = YES;
				ENABLE_TESTABILITY = YES;
				GCC_C_LANGUAGE_STANDARD = gnu11;
				GCC_DYNAMIC_NO_PIC = NO;
				GCC_NO_COMMON_BLOCKS = YES;
				GCC_OPTIMIZATION_LEVEL = 0;
				GCC_PREPROCESSOR_DEFINITIONS = (
					"DEBUG=1",
					"$(inherited)",
				);
				GCC_WARN_64_TO_32_BIT_CONVERSION = YES;
				GCC_WARN_ABOUT_RETURN_TYPE = YES_ERROR;
				GCC_WARN_UNDECLARED_SELECTOR = YES;
				GCC_WARN_UNINITIALIZED_AUTOS = YES_AGGRESSIVE;
				GCC_WARN_UNUSED_FUNCTION = YES;
				GCC_WARN_UNUSED_VARIABLE = YES;
				IPHONEOS_DEPLOYMENT_TARGET = 15.2;
				MTL_ENABLE_DEBUG_INFO = INCLUDE_SOURCE;
				MTL_FAST_MATH = YES;
				ONLY_ACTIVE_ARCH = YES;
				SDKROOT = iphoneos;
				SWIFT_ACTIVE_COMPILATION_CONDITIONS = DEBUG;
				SWIFT_OPTIMIZATION_LEVEL = "-Onone";
			};
			name = Debug;
		};
		A1BB331B2902F73700ECCE3B /* Release */ = {
			isa = XCBuildConfiguration;
			buildSettings = {
				ALWAYS_SEARCH_USER_PATHS = NO;
				CLANG_ANALYZER_NONNULL = YES;
				CLANG_ANALYZER_NUMBER_OBJECT_CONVERSION = YES_AGGRESSIVE;
				CLANG_CXX_LANGUAGE_STANDARD = "gnu++17";
				CLANG_CXX_LIBRARY = "libc++";
				CLANG_ENABLE_MODULES = YES;
				CLANG_ENABLE_OBJC_ARC = YES;
				CLANG_ENABLE_OBJC_WEAK = YES;
				CLANG_WARN_BLOCK_CAPTURE_AUTORELEASING = YES;
				CLANG_WARN_BOOL_CONVERSION = YES;
				CLANG_WARN_COMMA = YES;
				CLANG_WARN_CONSTANT_CONVERSION = YES;
				CLANG_WARN_DEPRECATED_OBJC_IMPLEMENTATIONS = YES;
				CLANG_WARN_DIRECT_OBJC_ISA_USAGE = YES_ERROR;
				CLANG_WARN_DOCUMENTATION_COMMENTS = YES;
				CLANG_WARN_EMPTY_BODY = YES;
				CLANG_WARN_ENUM_CONVERSION = YES;
				CLANG_WARN_INFINITE_RECURSION = YES;
				CLANG_WARN_INT_CONVERSION = YES;
				CLANG_WARN_NON_LITERAL_NULL_CONVERSION = YES;
				CLANG_WARN_OBJC_IMPLICIT_RETAIN_SELF = YES;
				CLANG_WARN_OBJC_LITERAL_CONVERSION = YES;
				CLANG_WARN_OBJC_ROOT_CLASS = YES_ERROR;
				CLANG_WARN_QUOTED_INCLUDE_IN_FRAMEWORK_HEADER = YES;
				CLANG_WARN_RANGE_LOOP_ANALYSIS = YES;
				CLANG_WARN_STRICT_PROTOTYPES = YES;
				CLANG_WARN_SUSPICIOUS_MOVE = YES;
				CLANG_WARN_UNGUARDED_AVAILABILITY = YES_AGGRESSIVE;
				CLANG_WARN_UNREACHABLE_CODE = YES;
				CLANG_WARN__DUPLICATE_METHOD_MATCH = YES;
				COPY_PHASE_STRIP = NO;
				DEBUG_INFORMATION_FORMAT = "dwarf-with-dsym";
				ENABLE_NS_ASSERTIONS = NO;
				ENABLE_STRICT_OBJC_MSGSEND = YES;
				GCC_C_LANGUAGE_STANDARD = gnu11;
				GCC_NO_COMMON_BLOCKS = YES;
				GCC_WARN_64_TO_32_BIT_CONVERSION = YES;
				GCC_WARN_ABOUT_RETURN_TYPE = YES_ERROR;
				GCC_WARN_UNDECLARED_SELECTOR = YES;
				GCC_WARN_UNINITIALIZED_AUTOS = YES_AGGRESSIVE;
				GCC_WARN_UNUSED_FUNCTION = YES;
				GCC_WARN_UNUSED_VARIABLE = YES;
				IPHONEOS_DEPLOYMENT_TARGET = 15.2;
				MTL_ENABLE_DEBUG_INFO = NO;
				MTL_FAST_MATH = YES;
				SDKROOT = iphoneos;
				SWIFT_COMPILATION_MODE = wholemodule;
				SWIFT_OPTIMIZATION_LEVEL = "-O";
				VALIDATE_PRODUCT = YES;
			};
			name = Release;
		};
		A1BB331D2902F73700ECCE3B /* Debug */ = {
			isa = XCBuildConfiguration;
			buildSettings = {
				ASSETCATALOG_COMPILER_APPICON_NAME = AppIcon;
				ASSETCATALOG_COMPILER_GLOBAL_ACCENT_COLOR_NAME = AccentColor;
				CODE_SIGN_STYLE = Automatic;
				CURRENT_PROJECT_VERSION = 1;
				DEVELOPMENT_TEAM = 3W8TLG2K9U;
				GENERATE_INFOPLIST_FILE = YES;
				INFOPLIST_FILE = VideoTestApp/Info.plist;
				INFOPLIST_KEY_UIApplicationSupportsIndirectInputEvents = YES;
				INFOPLIST_KEY_UILaunchStoryboardName = LaunchScreen;
				INFOPLIST_KEY_UIMainStoryboardFile = Main;
				INFOPLIST_KEY_UISupportedInterfaceOrientations_iPad = "UIInterfaceOrientationPortrait UIInterfaceOrientationPortraitUpsideDown UIInterfaceOrientationLandscapeLeft UIInterfaceOrientationLandscapeRight";
				INFOPLIST_KEY_UISupportedInterfaceOrientations_iPhone = "UIInterfaceOrientationPortrait UIInterfaceOrientationLandscapeLeft UIInterfaceOrientationLandscapeRight";
				LD_RUNPATH_SEARCH_PATHS = (
					"$(inherited)",
					"@executable_path/Frameworks",
				);
				MARKETING_VERSION = 1.0;
				PRODUCT_BUNDLE_IDENTIFIER = com.testapp.VideoTestApp;
				PRODUCT_NAME = "$(TARGET_NAME)";
				SWIFT_EMIT_LOC_STRINGS = YES;
				SWIFT_VERSION = 5.0;
				TARGETED_DEVICE_FAMILY = "1,2";
			};
			name = Debug;
		};
		A1BB331E2902F73700ECCE3B /* Release */ = {
			isa = XCBuildConfiguration;
			buildSettings = {
				ASSETCATALOG_COMPILER_APPICON_NAME = AppIcon;
				ASSETCATALOG_COMPILER_GLOBAL_ACCENT_COLOR_NAME = AccentColor;
				CODE_SIGN_STYLE = Automatic;
				CURRENT_PROJECT_VERSION = 1;
				DEVELOPMENT_TEAM = 3W8TLG2K9U;
				GENERATE_INFOPLIST_FILE = YES;
				INFOPLIST_FILE = VideoTestApp/Info.plist;
				INFOPLIST_KEY_UIApplicationSupportsIndirectInputEvents = YES;
				INFOPLIST_KEY_UILaunchStoryboardName = LaunchScreen;
				INFOPLIST_KEY_UIMainStoryboardFile = Main;
				INFOPLIST_KEY_UISupportedInterfaceOrientations_iPad = "UIInterfaceOrientationPortrait UIInterfaceOrientationPortraitUpsideDown UIInterfaceOrientationLandscapeLeft UIInterfaceOrientationLandscapeRight";
				INFOPLIST_KEY_UISupportedInterfaceOrientations_iPhone = "UIInterfaceOrientationPortrait UIInterfaceOrientationLandscapeLeft UIInterfaceOrientationLandscapeRight";
				LD_RUNPATH_SEARCH_PATHS = (
					"$(inherited)",
					"@executable_path/Frameworks",
				);
				MARKETING_VERSION = 1.0;
				PRODUCT_BUNDLE_IDENTIFIER = com.testapp.VideoTestApp;
				PRODUCT_NAME = "$(TARGET_NAME)";
				SWIFT_EMIT_LOC_STRINGS = YES;
				SWIFT_VERSION = 5.0;
				TARGETED_DEVICE_FAMILY = "1,2";
			};
			name = Release;
		};
		A1BB33202902F73700ECCE3B /* Debug */ = {
			isa = XCBuildConfiguration;
			buildSettings = {
				ALWAYS_EMBED_SWIFT_STANDARD_LIBRARIES = YES;
				BUNDLE_LOADER = "$(TEST_HOST)";
				CODE_SIGN_STYLE = Automatic;
				CURRENT_PROJECT_VERSION = 1;
				DEVELOPMENT_TEAM = 3W8TLG2K9U;
				GENERATE_INFOPLIST_FILE = YES;
				IPHONEOS_DEPLOYMENT_TARGET = 15.2;
				MARKETING_VERSION = 1.0;
				PRODUCT_BUNDLE_IDENTIFIER = com.testapp.VideoTestAppTests;
				PRODUCT_NAME = "$(TARGET_NAME)";
				SWIFT_EMIT_LOC_STRINGS = NO;
				SWIFT_VERSION = 5.0;
				TARGETED_DEVICE_FAMILY = "1,2";
				TEST_HOST = "$(BUILT_PRODUCTS_DIR)/VideoTestApp.app/VideoTestApp";
			};
			name = Debug;
		};
		A1BB33212902F73700ECCE3B /* Release */ = {
			isa = XCBuildConfiguration;
			buildSettings = {
				ALWAYS_EMBED_SWIFT_STANDARD_LIBRARIES = YES;
				BUNDLE_LOADER = "$(TEST_HOST)";
				CODE_SIGN_STYLE = Automatic;
				CURRENT_PROJECT_VERSION = 1;
				DEVELOPMENT_TEAM = 3W8TLG2K9U;
				GENERATE_INFOPLIST_FILE = YES;
				IPHONEOS_DEPLOYMENT_TARGET = 15.2;
				MARKETING_VERSION = 1.0;
				PRODUCT_BUNDLE_IDENTIFIER = com.testapp.VideoTestAppTests;
				PRODUCT_NAME = "$(TARGET_NAME)";
				SWIFT_EMIT_LOC_STRINGS = NO;
				SWIFT_VERSION = 5.0;
				TARGETED_DEVICE_FAMILY = "1,2";
				TEST_HOST = "$(BUILT_PRODUCTS_DIR)/VideoTestApp.app/VideoTestApp";
			};
			name = Release;
		};
		A1BB33232902F73700ECCE3B /* Debug */ = {
			isa = XCBuildConfiguration;
			buildSettings = {
				ALWAYS_EMBED_SWIFT_STANDARD_LIBRARIES = YES;
				CODE_SIGN_STYLE = Automatic;
				CURRENT_PROJECT_VERSION = 1;
				DEVELOPMENT_TEAM = 3W8TLG2K9U;
				GENERATE_INFOPLIST_FILE = YES;
				MARKETING_VERSION = 1.0;
				PRODUCT_BUNDLE_IDENTIFIER = com.testapp.VideoTestAppUITests;
				PRODUCT_NAME = "$(TARGET_NAME)";
				SWIFT_EMIT_LOC_STRINGS = NO;
				SWIFT_VERSION = 5.0;
				TARGETED_DEVICE_FAMILY = "1,2";
				TEST_TARGET_NAME = VideoTestApp;
			};
			name = Debug;
		};
		A1BB33242902F73700ECCE3B /* Release */ = {
			isa = XCBuildConfiguration;
			buildSettings = {
				ALWAYS_EMBED_SWIFT_STANDARD_LIBRARIES = YES;
				CODE_SIGN_STYLE = Automatic;
				CURRENT_PROJECT_VERSION = 1;
				DEVELOPMENT_TEAM = 3W8TLG2K9U;
				GENERATE_INFOPLIST_FILE = YES;
				MARKETING_VERSION = 1.0;
				PRODUCT_BUNDLE_IDENTIFIER = com.testapp.VideoTestAppUITests;
				PRODUCT_NAME = "$(TARGET_NAME)";
				SWIFT_EMIT_LOC_STRINGS = NO;
				SWIFT_VERSION = 5.0;
				TARGETED_DEVICE_FAMILY = "1,2";
				TEST_TARGET_NAME = VideoTestApp;
			};
			name = Release;
		};
/* End XCBuildConfiguration section */

/* Begin XCConfigurationList section */
		A1BB32ED2902F73400ECCE3B /* Build configuration list for PBXProject "VideoTestApp" */ = {
			isa = XCConfigurationList;
			buildConfigurations = (
				A1BB331A2902F73700ECCE3B /* Debug */,
				A1BB331B2902F73700ECCE3B /* Release */,
			);
			defaultConfigurationIsVisible = 0;
			defaultConfigurationName = Release;
		};
		A1BB331C2902F73700ECCE3B /* Build configuration list for PBXNativeTarget "VideoTestApp" */ = {
			isa = XCConfigurationList;
			buildConfigurations = (
				A1BB331D2902F73700ECCE3B /* Debug */,
				A1BB331E2902F73700ECCE3B /* Release */,
			);
			defaultConfigurationIsVisible = 0;
			defaultConfigurationName = Release;
		};
		A1BB331F2902F73700ECCE3B /* Build configuration list for PBXNativeTarget "VideoTestAppTests" */ = {
			isa = XCConfigurationList;
			buildConfigurations = (
				A1BB33202902F73700ECCE3B /* Debug */,
				A1BB33212902F73700ECCE3B /* Release */,
			);
			defaultConfigurationIsVisible = 0;
			defaultConfigurationName = Release;
		};
		A1BB33222902F73700ECCE3B /* Build configuration list for PBXNativeTarget "VideoTestAppUITests" */ = {
			isa = XCConfigurationList;
			buildConfigurations = (
				A1BB33232902F73700ECCE3B /* Debug */,
				A1BB33242902F73700ECCE3B /* Release */,
			);
			defaultConfigurationIsVisible = 0;
			defaultConfigurationName = Release;
		};
/* End XCConfigurationList section */
	};
	rootObject = A1BB32EA2902F73400ECCE3B /* Project object */;
}
