// !$*UTF8*$!
{
	archiveVersion = 1;
	classes = {
	};
	objectVersion = 55;
	objects = {

/* Begin PBXBuildFile section */
		A18B1197291C07A200316DE8 /* AppDelegate.swift in Sources */ = {isa = PBXBuildFile; fileRef = A18B1196291C07A200316DE8 /* AppDelegate.swift */; };
		A18B1199291C07A200316DE8 /* SceneDelegate.swift in Sources */ = {isa = PBXBuildFile; fileRef = A18B1198291C07A200316DE8 /* SceneDelegate.swift */; };
		A18B119B291C07A200316DE8 /* ViewController.swift in Sources */ = {isa = PBXBuildFile; fileRef = A18B119A291C07A200316DE8 /* ViewController.swift */; };
		A18B11A0291C07A300316DE8 /* Assets.xcassets in Resources */ = {isa = PBXBuildFile; fileRef = A18B119F291C07A300316DE8 /* Assets.xcassets */; };
		A18B11A3291C07A300316DE8 /* LaunchScreen.storyboard in Resources */ = {isa = PBXBuildFile; fileRef = A18B11A1291C07A300316DE8 /* LaunchScreen.storyboard */; };
		A18B11AE291C07A400316DE8 /* PBSTestApp3Tests.swift in Sources */ = {isa = PBXBuildFile; fileRef = A18B11AD291C07A400316DE8 /* PBSTestApp3Tests.swift */; };
		A18B11B8291C07A400316DE8 /* PBSTestApp3UITests.swift in Sources */ = {isa = PBXBuildFile; fileRef = A18B11B7291C07A400316DE8 /* PBSTestApp3UITests.swift */; };
		A18B11BA291C07A400316DE8 /* PBSTestApp3UITestsLaunchTests.swift in Sources */ = {isa = PBXBuildFile; fileRef = A18B11B9291C07A400316DE8 /* PBSTestApp3UITestsLaunchTests.swift */; };
		A18B11C8291C07B500316DE8 /* VideoModel.swift in Sources */ = {isa = PBXBuildFile; fileRef = A18B11C7291C07B500316DE8 /* VideoModel.swift */; };
		A18B11CB291C084D00316DE8 /* DataSourceProtocol.swift in Sources */ = {isa = PBXBuildFile; fileRef = A18B11CA291C084D00316DE8 /* DataSourceProtocol.swift */; };
		A18B11CD291C087100316DE8 /* NetworkManager.swift in Sources */ = {isa = PBXBuildFile; fileRef = A18B11CC291C087100316DE8 /* NetworkManager.swift */; };
		A18B11D0291C0AC800316DE8 /* StringConstants.swift in Sources */ = {isa = PBXBuildFile; fileRef = A18B11CF291C0AC800316DE8 /* StringConstants.swift */; };
		A18B11D3291C0B0F00316DE8 /* VideoViewModel.swift in Sources */ = {isa = PBXBuildFile; fileRef = A18B11D2291C0B0F00316DE8 /* VideoViewModel.swift */; };
		A18B11D5291C1C2900316DE8 /* ViewModelProtocol.swift in Sources */ = {isa = PBXBuildFile; fileRef = A18B11D4291C1C2900316DE8 /* ViewModelProtocol.swift */; };
/* End PBXBuildFile section */

/* Begin PBXContainerItemProxy section */
		A18B11AA291C07A400316DE8 /* PBXContainerItemProxy */ = {
			isa = PBXContainerItemProxy;
			containerPortal = A18B118B291C07A200316DE8 /* Project object */;
			proxyType = 1;
			remoteGlobalIDString = A18B1192291C07A200316DE8;
			remoteInfo = PBSTestApp3;
		};
		A18B11B4291C07A400316DE8 /* PBXContainerItemProxy */ = {
			isa = PBXContainerItemProxy;
			containerPortal = A18B118B291C07A200316DE8 /* Project object */;
			proxyType = 1;
			remoteGlobalIDString = A18B1192291C07A200316DE8;
			remoteInfo = PBSTestApp3;
		};
/* End PBXContainerItemProxy section */

/* Begin PBXFileReference section */
		A18B1193291C07A200316DE8 /* PBSTestApp3.app */ = {isa = PBXFileReference; explicitFileType = wrapper.application; includeInIndex = 0; path = PBSTestApp3.app; sourceTree = BUILT_PRODUCTS_DIR; };
		A18B1196291C07A200316DE8 /* AppDelegate.swift */ = {isa = PBXFileReference; lastKnownFileType = sourcecode.swift; path = AppDelegate.swift; sourceTree = "<group>"; };
		A18B1198291C07A200316DE8 /* SceneDelegate.swift */ = {isa = PBXFileReference; lastKnownFileType = sourcecode.swift; path = SceneDelegate.swift; sourceTree = "<group>"; };
		A18B119A291C07A200316DE8 /* ViewController.swift */ = {isa = PBXFileReference; lastKnownFileType = sourcecode.swift; path = ViewController.swift; sourceTree = "<group>"; };
		A18B119F291C07A300316DE8 /* Assets.xcassets */ = {isa = PBXFileReference; lastKnownFileType = folder.assetcatalog; path = Assets.xcassets; sourceTree = "<group>"; };
		A18B11A2291C07A300316DE8 /* Base */ = {isa = PBXFileReference; lastKnownFileType = file.storyboard; name = Base; path = Base.lproj/LaunchScreen.storyboard; sourceTree = "<group>"; };
		A18B11A4291C07A300316DE8 /* Info.plist */ = {isa = PBXFileReference; lastKnownFileType = text.plist.xml; path = Info.plist; sourceTree = "<group>"; };
		A18B11A9291C07A400316DE8 /* PBSTestApp3Tests.xctest */ = {isa = PBXFileReference; explicitFileType = wrapper.cfbundle; includeInIndex = 0; path = PBSTestApp3Tests.xctest; sourceTree = BUILT_PRODUCTS_DIR; };
		A18B11AD291C07A400316DE8 /* PBSTestApp3Tests.swift */ = {isa = PBXFileReference; lastKnownFileType = sourcecode.swift; path = PBSTestApp3Tests.swift; sourceTree = "<group>"; };
		A18B11B3291C07A400316DE8 /* PBSTestApp3UITests.xctest */ = {isa = PBXFileReference; explicitFileType = wrapper.cfbundle; includeInIndex = 0; path = PBSTestApp3UITests.xctest; sourceTree = BUILT_PRODUCTS_DIR; };
		A18B11B7291C07A400316DE8 /* PBSTestApp3UITests.swift */ = {isa = PBXFileReference; lastKnownFileType = sourcecode.swift; path = PBSTestApp3UITests.swift; sourceTree = "<group>"; };
		A18B11B9291C07A400316DE8 /* PBSTestApp3UITestsLaunchTests.swift */ = {isa = PBXFileReference; lastKnownFileType = sourcecode.swift; path = PBSTestApp3UITestsLaunchTests.swift; sourceTree = "<group>"; };
		A18B11C7291C07B500316DE8 /* VideoModel.swift */ = {isa = PBXFileReference; lastKnownFileType = sourcecode.swift; path = VideoModel.swift; sourceTree = "<group>"; };
		A18B11CA291C084D00316DE8 /* DataSourceProtocol.swift */ = {isa = PBXFileReference; lastKnownFileType = sourcecode.swift; path = DataSourceProtocol.swift; sourceTree = "<group>"; };
		A18B11CC291C087100316DE8 /* NetworkManager.swift */ = {isa = PBXFileReference; lastKnownFileType = sourcecode.swift; path = NetworkManager.swift; sourceTree = "<group>"; };
		A18B11CF291C0AC800316DE8 /* StringConstants.swift */ = {isa = PBXFileReference; lastKnownFileType = sourcecode.swift; path = StringConstants.swift; sourceTree = "<group>"; };
		A18B11D2291C0B0F00316DE8 /* VideoViewModel.swift */ = {isa = PBXFileReference; lastKnownFileType = sourcecode.swift; path = VideoViewModel.swift; sourceTree = "<group>"; };
		A18B11D4291C1C2900316DE8 /* ViewModelProtocol.swift */ = {isa = PBXFileReference; lastKnownFileType = sourcecode.swift; path = ViewModelProtocol.swift; sourceTree = "<group>"; };
/* End PBXFileReference section */

/* Begin PBXFrameworksBuildPhase section */
		A18B1190291C07A200316DE8 /* Frameworks */ = {
			isa = PBXFrameworksBuildPhase;
			buildActionMask = 2147483647;
			files = (
			);
			runOnlyForDeploymentPostprocessing = 0;
		};
		A18B11A6291C07A400316DE8 /* Frameworks */ = {
			isa = PBXFrameworksBuildPhase;
			buildActionMask = 2147483647;
			files = (
			);
			runOnlyForDeploymentPostprocessing = 0;
		};
		A18B11B0291C07A400316DE8 /* Frameworks */ = {
			isa = PBXFrameworksBuildPhase;
			buildActionMask = 2147483647;
			files = (
			);
			runOnlyForDeploymentPostprocessing = 0;
		};
/* End PBXFrameworksBuildPhase section */

/* Begin PBXGroup section */
		A18B118A291C07A200316DE8 = {
			isa = PBXGroup;
			children = (
				A18B1195291C07A200316DE8 /* PBSTestApp3 */,
				A18B11AC291C07A400316DE8 /* PBSTestApp3Tests */,
				A18B11B6291C07A400316DE8 /* PBSTestApp3UITests */,
				A18B1194291C07A200316DE8 /* Products */,
			);
			sourceTree = "<group>";
		};
		A18B1194291C07A200316DE8 /* Products */ = {
			isa = PBXGroup;
			children = (
				A18B1193291C07A200316DE8 /* PBSTestApp3.app */,
				A18B11A9291C07A400316DE8 /* PBSTestApp3Tests.xctest */,
				A18B11B3291C07A400316DE8 /* PBSTestApp3UITests.xctest */,
			);
			name = Products;
			sourceTree = "<group>";
		};
		A18B1195291C07A200316DE8 /* PBSTestApp3 */ = {
			isa = PBXGroup;
			children = (
				A18B11D1291C0B0300316DE8 /* ViewModels */,
				A18B11CE291C0AC000316DE8 /* Utils */,
				A18B11C9291C083C00316DE8 /* Networking */,
				A18B11C6291C07A900316DE8 /* Models */,
				A18B1196291C07A200316DE8 /* AppDelegate.swift */,
				A18B1198291C07A200316DE8 /* SceneDelegate.swift */,
				A18B119A291C07A200316DE8 /* ViewController.swift */,
				A18B119F291C07A300316DE8 /* Assets.xcassets */,
				A18B11A1291C07A300316DE8 /* LaunchScreen.storyboard */,
				A18B11A4291C07A300316DE8 /* Info.plist */,
			);
			path = PBSTestApp3;
			sourceTree = "<group>";
		};
		A18B11AC291C07A400316DE8 /* PBSTestApp3Tests */ = {
			isa = PBXGroup;
			children = (
				A18B11AD291C07A400316DE8 /* PBSTestApp3Tests.swift */,
			);
			path = PBSTestApp3Tests;
			sourceTree = "<group>";
		};
		A18B11B6291C07A400316DE8 /* PBSTestApp3UITests */ = {
			isa = PBXGroup;
			children = (
				A18B11B7291C07A400316DE8 /* PBSTestApp3UITests.swift */,
				A18B11B9291C07A400316DE8 /* PBSTestApp3UITestsLaunchTests.swift */,
			);
			path = PBSTestApp3UITests;
			sourceTree = "<group>";
		};
		A18B11C6291C07A900316DE8 /* Models */ = {
			isa = PBXGroup;
			children = (
				A18B11C7291C07B500316DE8 /* VideoModel.swift */,
			);
			path = Models;
			sourceTree = "<group>";
		};
		A18B11C9291C083C00316DE8 /* Networking */ = {
			isa = PBXGroup;
			children = (
				A18B11CA291C084D00316DE8 /* DataSourceProtocol.swift */,
				A18B11CC291C087100316DE8 /* NetworkManager.swift */,
			);
			path = Networking;
			sourceTree = "<group>";
		};
		A18B11CE291C0AC000316DE8 /* Utils */ = {
			isa = PBXGroup;
			children = (
				A18B11CF291C0AC800316DE8 /* StringConstants.swift */,
			);
			path = Utils;
			sourceTree = "<group>";
		};
		A18B11D1291C0B0300316DE8 /* ViewModels */ = {
			isa = PBXGroup;
			children = (
				A18B11D2291C0B0F00316DE8 /* VideoViewModel.swift */,
				A18B11D4291C1C2900316DE8 /* ViewModelProtocol.swift */,
			);
			path = ViewModels;
			sourceTree = "<group>";
		};
/* End PBXGroup section */

/* Begin PBXNativeTarget section */
		A18B1192291C07A200316DE8 /* PBSTestApp3 */ = {
			isa = PBXNativeTarget;
			buildConfigurationList = A18B11BD291C07A400316DE8 /* Build configuration list for PBXNativeTarget "PBSTestApp3" */;
			buildPhases = (
				A18B118F291C07A200316DE8 /* Sources */,
				A18B1190291C07A200316DE8 /* Frameworks */,
				A18B1191291C07A200316DE8 /* Resources */,
			);
			buildRules = (
			);
			dependencies = (
			);
			name = PBSTestApp3;
			productName = PBSTestApp3;
			productReference = A18B1193291C07A200316DE8 /* PBSTestApp3.app */;
			productType = "com.apple.product-type.application";
		};
		A18B11A8291C07A400316DE8 /* PBSTestApp3Tests */ = {
			isa = PBXNativeTarget;
			buildConfigurationList = A18B11C0291C07A400316DE8 /* Build configuration list for PBXNativeTarget "PBSTestApp3Tests" */;
			buildPhases = (
				A18B11A5291C07A400316DE8 /* Sources */,
				A18B11A6291C07A400316DE8 /* Frameworks */,
				A18B11A7291C07A400316DE8 /* Resources */,
			);
			buildRules = (
			);
			dependencies = (
				A18B11AB291C07A400316DE8 /* PBXTargetDependency */,
			);
			name = PBSTestApp3Tests;
			productName = PBSTestApp3Tests;
			productReference = A18B11A9291C07A400316DE8 /* PBSTestApp3Tests.xctest */;
			productType = "com.apple.product-type.bundle.unit-test";
		};
		A18B11B2291C07A400316DE8 /* PBSTestApp3UITests */ = {
			isa = PBXNativeTarget;
			buildConfigurationList = A18B11C3291C07A400316DE8 /* Build configuration list for PBXNativeTarget "PBSTestApp3UITests" */;
			buildPhases = (
				A18B11AF291C07A400316DE8 /* Sources */,
				A18B11B0291C07A400316DE8 /* Frameworks */,
				A18B11B1291C07A400316DE8 /* Resources */,
			);
			buildRules = (
			);
			dependencies = (
				A18B11B5291C07A400316DE8 /* PBXTargetDependency */,
			);
			name = PBSTestApp3UITests;
			productName = PBSTestApp3UITests;
			productReference = A18B11B3291C07A400316DE8 /* PBSTestApp3UITests.xctest */;
			productType = "com.apple.product-type.bundle.ui-testing";
		};
/* End PBXNativeTarget section */

/* Begin PBXProject section */
		A18B118B291C07A200316DE8 /* Project object */ = {
			isa = PBXProject;
			attributes = {
				BuildIndependentTargetsInParallel = 1;
				LastSwiftUpdateCheck = 1320;
				LastUpgradeCheck = 1320;
				TargetAttributes = {
					A18B1192291C07A200316DE8 = {
						CreatedOnToolsVersion = 13.2.1;
					};
					A18B11A8291C07A400316DE8 = {
						CreatedOnToolsVersion = 13.2.1;
						TestTargetID = A18B1192291C07A200316DE8;
					};
					A18B11B2291C07A400316DE8 = {
						CreatedOnToolsVersion = 13.2.1;
						TestTargetID = A18B1192291C07A200316DE8;
					};
				};
			};
			buildConfigurationList = A18B118E291C07A200316DE8 /* Build configuration list for PBXProject "PBSTestApp3" */;
			compatibilityVersion = "Xcode 13.0";
			developmentRegion = en;
			hasScannedForEncodings = 0;
			knownRegions = (
				en,
				Base,
			);
			mainGroup = A18B118A291C07A200316DE8;
			productRefGroup = A18B1194291C07A200316DE8 /* Products */;
			projectDirPath = "";
			projectRoot = "";
			targets = (
				A18B1192291C07A200316DE8 /* PBSTestApp3 */,
				A18B11A8291C07A400316DE8 /* PBSTestApp3Tests */,
				A18B11B2291C07A400316DE8 /* PBSTestApp3UITests */,
			);
		};
/* End PBXProject section */

/* Begin PBXResourcesBuildPhase section */
		A18B1191291C07A200316DE8 /* Resources */ = {
			isa = PBXResourcesBuildPhase;
			buildActionMask = 2147483647;
			files = (
				A18B11A3291C07A300316DE8 /* LaunchScreen.storyboard in Resources */,
				A18B11A0291C07A300316DE8 /* Assets.xcassets in Resources */,
			);
			runOnlyForDeploymentPostprocessing = 0;
		};
		A18B11A7291C07A400316DE8 /* Resources */ = {
			isa = PBXResourcesBuildPhase;
			buildActionMask = 2147483647;
			files = (
			);
			runOnlyForDeploymentPostprocessing = 0;
		};
		A18B11B1291C07A400316DE8 /* Resources */ = {
			isa = PBXResourcesBuildPhase;
			buildActionMask = 2147483647;
			files = (
			);
			runOnlyForDeploymentPostprocessing = 0;
		};
/* End PBXResourcesBuildPhase section */

/* Begin PBXSourcesBuildPhase section */
		A18B118F291C07A200316DE8 /* Sources */ = {
			isa = PBXSourcesBuildPhase;
			buildActionMask = 2147483647;
			files = (
				A18B11CD291C087100316DE8 /* NetworkManager.swift in Sources */,
				A18B119B291C07A200316DE8 /* ViewController.swift in Sources */,
				A18B11D3291C0B0F00316DE8 /* VideoViewModel.swift in Sources */,
				A18B1197291C07A200316DE8 /* AppDelegate.swift in Sources */,
				A18B11D0291C0AC800316DE8 /* StringConstants.swift in Sources */,
				A18B11CB291C084D00316DE8 /* DataSourceProtocol.swift in Sources */,
				A18B1199291C07A200316DE8 /* SceneDelegate.swift in Sources */,
				A18B11C8291C07B500316DE8 /* VideoModel.swift in Sources */,
				A18B11D5291C1C2900316DE8 /* ViewModelProtocol.swift in Sources */,
			);
			runOnlyForDeploymentPostprocessing = 0;
		};
		A18B11A5291C07A400316DE8 /* Sources */ = {
			isa = PBXSourcesBuildPhase;
			buildActionMask = 2147483647;
			files = (
				A18B11AE291C07A400316DE8 /* PBSTestApp3Tests.swift in Sources */,
			);
			runOnlyForDeploymentPostprocessing = 0;
		};
		A18B11AF291C07A400316DE8 /* Sources */ = {
			isa = PBXSourcesBuildPhase;
			buildActionMask = 2147483647;
			files = (
				A18B11BA291C07A400316DE8 /* PBSTestApp3UITestsLaunchTests.swift in Sources */,
				A18B11B8291C07A400316DE8 /* PBSTestApp3UITests.swift in Sources */,
			);
			runOnlyForDeploymentPostprocessing = 0;
		};
/* End PBXSourcesBuildPhase section */

/* Begin PBXTargetDependency section */
		A18B11AB291C07A400316DE8 /* PBXTargetDependency */ = {
			isa = PBXTargetDependency;
			target = A18B1192291C07A200316DE8 /* PBSTestApp3 */;
			targetProxy = A18B11AA291C07A400316DE8 /* PBXContainerItemProxy */;
		};
		A18B11B5291C07A400316DE8 /* PBXTargetDependency */ = {
			isa = PBXTargetDependency;
			target = A18B1192291C07A200316DE8 /* PBSTestApp3 */;
			targetProxy = A18B11B4291C07A400316DE8 /* PBXContainerItemProxy */;
		};
/* End PBXTargetDependency section */

/* Begin PBXVariantGroup section */
		A18B11A1291C07A300316DE8 /* LaunchScreen.storyboard */ = {
			isa = PBXVariantGroup;
			children = (
				A18B11A2291C07A300316DE8 /* Base */,
			);
			name = LaunchScreen.storyboard;
			sourceTree = "<group>";
		};
/* End PBXVariantGroup section */

/* Begin XCBuildConfiguration section */
		A18B11BB291C07A400316DE8 /* Debug */ = {
			isa = XCBuildConfiguration;
			buildSettings = {
				ALWAYS_SEARCH_USER_PATHS = NO;
				CLANG_ANALYZER_NONNULL = YES;
				CLANG_ANALYZER_NUMBER_OBJECT_CONVERSION = YES_AGGRESSIVE;
				CLANG_CXX_LANGUAGE_STANDARD = "gnu++17";
				CLANG_CXX_LIBRARY = "libc++";
				CLANG_ENABLE_MODULES = YES;
				CLANG_ENABLE_OBJC_ARC = YES;
				CLANG_ENABLE_OBJC_WEAK = YES;
				CLANG_WARN_BLOCK_CAPTURE_AUTORELEASING = YES;
				CLANG_WARN_BOOL_CONVERSION = YES;
				CLANG_WARN_COMMA = YES;
				CLANG_WARN_CONSTANT_CONVERSION = YES;
				CLANG_WARN_DEPRECATED_OBJC_IMPLEMENTATIONS = YES;
				CLANG_WARN_DIRECT_OBJC_ISA_USAGE = YES_ERROR;
				CLANG_WARN_DOCUMENTATION_COMMENTS = YES;
				CLANG_WARN_EMPTY_BODY = YES;
				CLANG_WARN_ENUM_CONVERSION = YES;
				CLANG_WARN_INFINITE_RECURSION = YES;
				CLANG_WARN_INT_CONVERSION = YES;
				CLANG_WARN_NON_LITERAL_NULL_CONVERSION = YES;
				CLANG_WARN_OBJC_IMPLICIT_RETAIN_SELF = YES;
				CLANG_WARN_OBJC_LITERAL_CONVERSION = YES;
				CLANG_WARN_OBJC_ROOT_CLASS = YES_ERROR;
				CLANG_WARN_QUOTED_INCLUDE_IN_FRAMEWORK_HEADER = YES;
				CLANG_WARN_RANGE_LOOP_ANALYSIS = YES;
				CLANG_WARN_STRICT_PROTOTYPES = YES;
				CLANG_WARN_SUSPICIOUS_MOVE = YES;
				CLANG_WARN_UNGUARDED_AVAILABILITY = YES_AGGRESSIVE;
				CLANG_WARN_UNREACHABLE_CODE = YES;
				CLANG_WARN__DUPLICATE_METHOD_MATCH = YES;
				COPY_PHASE_STRIP = NO;
				DEBUG_INFORMATION_FORMAT = dwarf;
				ENABLE_STRICT_OBJC_MSGSEND = YES;
				ENABLE_TESTABILITY = YES;
				GCC_C_LANGUAGE_STANDARD = gnu11;
				GCC_DYNAMIC_NO_PIC = NO;
				GCC_NO_COMMON_BLOCKS = YES;
				GCC_OPTIMIZATION_LEVEL = 0;
				GCC_PREPROCESSOR_DEFINITIONS = (
					"DEBUG=1",
					"$(inherited)",
				);
				GCC_WARN_64_TO_32_BIT_CONVERSION = YES;
				GCC_WARN_ABOUT_RETURN_TYPE = YES_ERROR;
				GCC_WARN_UNDECLARED_SELECTOR = YES;
				GCC_WARN_UNINITIALIZED_AUTOS = YES_AGGRESSIVE;
				GCC_WARN_UNUSED_FUNCTION = YES;
				GCC_WARN_UNUSED_VARIABLE = YES;
				IPHONEOS_DEPLOYMENT_TARGET = 15.2;
				MTL_ENABLE_DEBUG_INFO = INCLUDE_SOURCE;
				MTL_FAST_MATH = YES;
				ONLY_ACTIVE_ARCH = YES;
				SDKROOT = iphoneos;
				SWIFT_ACTIVE_COMPILATION_CONDITIONS = DEBUG;
				SWIFT_OPTIMIZATION_LEVEL = "-Onone";
			};
			name = Debug;
		};
		A18B11BC291C07A400316DE8 /* Release */ = {
			isa = XCBuildConfiguration;
			buildSettings = {
				ALWAYS_SEARCH_USER_PATHS = NO;
				CLANG_ANALYZER_NONNULL = YES;
				CLANG_ANALYZER_NUMBER_OBJECT_CONVERSION = YES_AGGRESSIVE;
				CLANG_CXX_LANGUAGE_STANDARD = "gnu++17";
				CLANG_CXX_LIBRARY = "libc++";
				CLANG_ENABLE_MODULES = YES;
				CLANG_ENABLE_OBJC_ARC = YES;
				CLANG_ENABLE_OBJC_WEAK = YES;
				CLANG_WARN_BLOCK_CAPTURE_AUTORELEASING = YES;
				CLANG_WARN_BOOL_CONVERSION = YES;
				CLANG_WARN_COMMA = YES;
				CLANG_WARN_CONSTANT_CONVERSION = YES;
				CLANG_WARN_DEPRECATED_OBJC_IMPLEMENTATIONS = YES;
				CLANG_WARN_DIRECT_OBJC_ISA_USAGE = YES_ERROR;
				CLANG_WARN_DOCUMENTATION_COMMENTS = YES;
				CLANG_WARN_EMPTY_BODY = YES;
				CLANG_WARN_ENUM_CONVERSION = YES;
				CLANG_WARN_INFINITE_RECURSION = YES;
				CLANG_WARN_INT_CONVERSION = YES;
				CLANG_WARN_NON_LITERAL_NULL_CONVERSION = YES;
				CLANG_WARN_OBJC_IMPLICIT_RETAIN_SELF = YES;
				CLANG_WARN_OBJC_LITERAL_CONVERSION = YES;
				CLANG_WARN_OBJC_ROOT_CLASS = YES_ERROR;
				CLANG_WARN_QUOTED_INCLUDE_IN_FRAMEWORK_HEADER = YES;
				CLANG_WARN_RANGE_LOOP_ANALYSIS = YES;
				CLANG_WARN_STRICT_PROTOTYPES = YES;
				CLANG_WARN_SUSPICIOUS_MOVE = YES;
				CLANG_WARN_UNGUARDED_AVAILABILITY = YES_AGGRESSIVE;
				CLANG_WARN_UNREACHABLE_CODE = YES;
				CLANG_WARN__DUPLICATE_METHOD_MATCH = YES;
				COPY_PHASE_STRIP = NO;
				DEBUG_INFORMATION_FORMAT = "dwarf-with-dsym";
				ENABLE_NS_ASSERTIONS = NO;
				ENABLE_STRICT_OBJC_MSGSEND = YES;
				GCC_C_LANGUAGE_STANDARD = gnu11;
				GCC_NO_COMMON_BLOCKS = YES;
				GCC_WARN_64_TO_32_BIT_CONVERSION = YES;
				GCC_WARN_ABOUT_RETURN_TYPE = YES_ERROR;
				GCC_WARN_UNDECLARED_SELECTOR = YES;
				GCC_WARN_UNINITIALIZED_AUTOS = YES_AGGRESSIVE;
				GCC_WARN_UNUSED_FUNCTION = YES;
				GCC_WARN_UNUSED_VARIABLE = YES;
				IPHONEOS_DEPLOYMENT_TARGET = 15.2;
				MTL_ENABLE_DEBUG_INFO = NO;
				MTL_FAST_MATH = YES;
				SDKROOT = iphoneos;
				SWIFT_COMPILATION_MODE = wholemodule;
				SWIFT_OPTIMIZATION_LEVEL = "-O";
				VALIDATE_PRODUCT = YES;
			};
			name = Release;
		};
		A18B11BE291C07A400316DE8 /* Debug */ = {
			isa = XCBuildConfiguration;
			buildSettings = {
				ASSETCATALOG_COMPILER_APPICON_NAME = AppIcon;
				ASSETCATALOG_COMPILER_GLOBAL_ACCENT_COLOR_NAME = AccentColor;
				CODE_SIGN_STYLE = Automatic;
				CURRENT_PROJECT_VERSION = 1;
				DEVELOPMENT_TEAM = 3W8TLG2K9U;
				GENERATE_INFOPLIST_FILE = YES;
				INFOPLIST_FILE = PBSTestApp3/Info.plist;
				INFOPLIST_KEY_UIApplicationSupportsIndirectInputEvents = YES;
				INFOPLIST_KEY_UILaunchStoryboardName = LaunchScreen;
				INFOPLIST_KEY_UISupportedInterfaceOrientations_iPad = "UIInterfaceOrientationPortrait UIInterfaceOrientationPortraitUpsideDown UIInterfaceOrientationLandscapeLeft UIInterfaceOrientationLandscapeRight";
				INFOPLIST_KEY_UISupportedInterfaceOrientations_iPhone = "UIInterfaceOrientationPortrait UIInterfaceOrientationLandscapeLeft UIInterfaceOrientationLandscapeRight";
				LD_RUNPATH_SEARCH_PATHS = (
					"$(inherited)",
					"@executable_path/Frameworks",
				);
				MARKETING_VERSION = 1.0;
				PRODUCT_BUNDLE_IDENTIFIER = com.testapp.PBSTestApp3;
				PRODUCT_NAME = "$(TARGET_NAME)";
				SWIFT_EMIT_LOC_STRINGS = YES;
				SWIFT_VERSION = 5.0;
				TARGETED_DEVICE_FAMILY = "1,2";
			};
			name = Debug;
		};
		A18B11BF291C07A400316DE8 /* Release */ = {
			isa = XCBuildConfiguration;
			buildSettings = {
				ASSETCATALOG_COMPILER_APPICON_NAME = AppIcon;
				ASSETCATALOG_COMPILER_GLOBAL_ACCENT_COLOR_NAME = AccentColor;
				CODE_SIGN_STYLE = Automatic;
				CURRENT_PROJECT_VERSION = 1;
				DEVELOPMENT_TEAM = 3W8TLG2K9U;
				GENERATE_INFOPLIST_FILE = YES;
				INFOPLIST_FILE = PBSTestApp3/Info.plist;
				INFOPLIST_KEY_UIApplicationSupportsIndirectInputEvents = YES;
				INFOPLIST_KEY_UILaunchStoryboardName = LaunchScreen;
				INFOPLIST_KEY_UISupportedInterfaceOrientations_iPad = "UIInterfaceOrientationPortrait UIInterfaceOrientationPortraitUpsideDown UIInterfaceOrientationLandscapeLeft UIInterfaceOrientationLandscapeRight";
				INFOPLIST_KEY_UISupportedInterfaceOrientations_iPhone = "UIInterfaceOrientationPortrait UIInterfaceOrientationLandscapeLeft UIInterfaceOrientationLandscapeRight";
				LD_RUNPATH_SEARCH_PATHS = (
					"$(inherited)",
					"@executable_path/Frameworks",
				);
				MARKETING_VERSION = 1.0;
				PRODUCT_BUNDLE_IDENTIFIER = com.testapp.PBSTestApp3;
				PRODUCT_NAME = "$(TARGET_NAME)";
				SWIFT_EMIT_LOC_STRINGS = YES;
				SWIFT_VERSION = 5.0;
				TARGETED_DEVICE_FAMILY = "1,2";
			};
			name = Release;
		};
		A18B11C1291C07A400316DE8 /* Debug */ = {
			isa = XCBuildConfiguration;
			buildSettings = {
				ALWAYS_EMBED_SWIFT_STANDARD_LIBRARIES = YES;
				BUNDLE_LOADER = "$(TEST_HOST)";
				CODE_SIGN_STYLE = Automatic;
				CURRENT_PROJECT_VERSION = 1;
				DEVELOPMENT_TEAM = 3W8TLG2K9U;
				GENERATE_INFOPLIST_FILE = YES;
				IPHONEOS_DEPLOYMENT_TARGET = 15.2;
				MARKETING_VERSION = 1.0;
				PRODUCT_BUNDLE_IDENTIFIER = com.testapp.PBSTestApp3Tests;
				PRODUCT_NAME = "$(TARGET_NAME)";
				SWIFT_EMIT_LOC_STRINGS = NO;
				SWIFT_VERSION = 5.0;
				TARGETED_DEVICE_FAMILY = "1,2";
				TEST_HOST = "$(BUILT_PRODUCTS_DIR)/PBSTestApp3.app/PBSTestApp3";
			};
			name = Debug;
		};
		A18B11C2291C07A400316DE8 /* Release */ = {
			isa = XCBuildConfiguration;
			buildSettings = {
				ALWAYS_EMBED_SWIFT_STANDARD_LIBRARIES = YES;
				BUNDLE_LOADER = "$(TEST_HOST)";
				CODE_SIGN_STYLE = Automatic;
				CURRENT_PROJECT_VERSION = 1;
				DEVELOPMENT_TEAM = 3W8TLG2K9U;
				GENERATE_INFOPLIST_FILE = YES;
				IPHONEOS_DEPLOYMENT_TARGET = 15.2;
				MARKETING_VERSION = 1.0;
				PRODUCT_BUNDLE_IDENTIFIER = com.testapp.PBSTestApp3Tests;
				PRODUCT_NAME = "$(TARGET_NAME)";
				SWIFT_EMIT_LOC_STRINGS = NO;
				SWIFT_VERSION = 5.0;
				TARGETED_DEVICE_FAMILY = "1,2";
				TEST_HOST = "$(BUILT_PRODUCTS_DIR)/PBSTestApp3.app/PBSTestApp3";
			};
			name = Release;
		};
		A18B11C4291C07A400316DE8 /* Debug */ = {
			isa = XCBuildConfiguration;
			buildSettings = {
				ALWAYS_EMBED_SWIFT_STANDARD_LIBRARIES = YES;
				CODE_SIGN_STYLE = Automatic;
				CURRENT_PROJECT_VERSION = 1;
				DEVELOPMENT_TEAM = 3W8TLG2K9U;
				GENERATE_INFOPLIST_FILE = YES;
				MARKETING_VERSION = 1.0;
				PRODUCT_BUNDLE_IDENTIFIER = com.testapp.PBSTestApp3UITests;
				PRODUCT_NAME = "$(TARGET_NAME)";
				SWIFT_EMIT_LOC_STRINGS = NO;
				SWIFT_VERSION = 5.0;
				TARGETED_DEVICE_FAMILY = "1,2";
				TEST_TARGET_NAME = PBSTestApp3;
			};
			name = Debug;
		};
		A18B11C5291C07A400316DE8 /* Release */ = {
			isa = XCBuildConfiguration;
			buildSettings = {
				ALWAYS_EMBED_SWIFT_STANDARD_LIBRARIES = YES;
				CODE_SIGN_STYLE = Automatic;
				CURRENT_PROJECT_VERSION = 1;
				DEVELOPMENT_TEAM = 3W8TLG2K9U;
				GENERATE_INFOPLIST_FILE = YES;
				MARKETING_VERSION = 1.0;
				PRODUCT_BUNDLE_IDENTIFIER = com.testapp.PBSTestApp3UITests;
				PRODUCT_NAME = "$(TARGET_NAME)";
				SWIFT_EMIT_LOC_STRINGS = NO;
				SWIFT_VERSION = 5.0;
				TARGETED_DEVICE_FAMILY = "1,2";
				TEST_TARGET_NAME = PBSTestApp3;
			};
			name = Release;
		};
/* End XCBuildConfiguration section */

/* Begin XCConfigurationList section */
		A18B118E291C07A200316DE8 /* Build configuration list for PBXProject "PBSTestApp3" */ = {
			isa = XCConfigurationList;
			buildConfigurations = (
				A18B11BB291C07A400316DE8 /* Debug */,
				A18B11BC291C07A400316DE8 /* Release */,
			);
			defaultConfigurationIsVisible = 0;
			defaultConfigurationName = Release;
		};
		A18B11BD291C07A400316DE8 /* Build configuration list for PBXNativeTarget "PBSTestApp3" */ = {
			isa = XCConfigurationList;
			buildConfigurations = (
				A18B11BE291C07A400316DE8 /* Debug */,
				A18B11BF291C07A400316DE8 /* Release */,
			);
			defaultConfigurationIsVisible = 0;
			defaultConfigurationName = Release;
		};
		A18B11C0291C07A400316DE8 /* Build configuration list for PBXNativeTarget "PBSTestApp3Tests" */ = {
			isa = XCConfigurationList;
			buildConfigurations = (
				A18B11C1291C07A400316DE8 /* Debug */,
				A18B11C2291C07A400316DE8 /* Release */,
			);
			defaultConfigurationIsVisible = 0;
			defaultConfigurationName = Release;
		};
		A18B11C3291C07A400316DE8 /* Build configuration list for PBXNativeTarget "PBSTestApp3UITests" */ = {
			isa = XCConfigurationList;
			buildConfigurations = (
				A18B11C4291C07A400316DE8 /* Debug */,
				A18B11C5291C07A400316DE8 /* Release */,
			);
			defaultConfigurationIsVisible = 0;
			defaultConfigurationName = Release;
		};
/* End XCConfigurationList section */
	};
	rootObject = A18B118B291C07A200316DE8 /* Project object */;
}
